
Microsoft Visual Studio Solution File, Format Version 12.00
# Visual Studio Version 17
VisualStudioVersion = 17.9.34728.123
MinimumVisualStudioVersion = 10.0.40219.1
Project("{9A19103F-16F7-4668-BE54-9A1E7A4F7556}") = "DigitalClock", "Source\DigitalClock.csproj", "{6765A966-73EB-4CDE-A18B-BF6445A928EA}"
EndProject
Project("{9A19103F-16F7-4668-BE54-9A1E7A4F7556}") = "DigitalClockTests", "Tests\DigitalClockTests.csproj", "{89387DD7-76B5-4F1C-8E02-BBB3812A163A}"
EndProject
Global
	GlobalSection(SolutionConfigurationPlatforms) = preSolution
		Debug|Any CPU = Debug|Any CPU
		Release|Any CPU = Release|Any CPU
	EndGlobalSection
	GlobalSection(ProjectConfigurationPlatforms) = postSolution
		{6765A966-73EB-4CDE-A18B-BF6445A928EA}.Debug|Any CPU.ActiveCfg = Debug|Any CPU
		{6765A966-73EB-4CDE-A18B-BF6445A928EA}.Debug|Any CPU.Build.0 = Debug|Any CPU
		{6765A966-73EB-4CDE-A18B-BF6445A928EA}.Release|Any CPU.ActiveCfg = Release|Any CPU
		{6765A966-73EB-4CDE-A18B-BF6445A928EA}.Release|Any CPU.Build.0 = Release|Any CPU
		{89387DD7-76B5-4F1C-8E02-BBB3812A163A}.Debug|Any CPU.ActiveCfg = Debug|Any CPU
		{89387DD7-76B5-4F1C-8E02-BBB3812A163A}.Debug|Any CPU.Build.0 = Debug|Any CPU
		{89387DD7-76B5-4F1C-8E02-BBB3812A163A}.Release|Any CPU.ActiveCfg = Release|Any CPU
		{89387DD7-76B5-4F1C-8E02-BBB3812A163A}.Release|Any CPU.Build.0 = Release|Any CPU
	EndGlobalSection
	GlobalSection(SolutionProperties) = preSolution
		HideSolutionNode = FALSE
	EndGlobalSection
	GlobalSection(ExtensibilityGlobals) = postSolution
		SolutionGuid = {80C00546-19A0-4C67-9DC3-398300308FCC}
	EndGlobalSection
EndGlobal
